{
  "name": "primoprogettonode",
  "version": "1.0.0",
  "lockfileVersion": 3,
  "requires": true,
  "packages": {
    "": {
      "name": "primoprogettonode",
      "version": "1.0.0",
      "license": "ISC",
      "dependencies": {
        "faker": "^6.6.6"
      },
      "devDependencies": {
        "@types/faker": "^6.6.9",
        "@types/node": "^20.6.0",
        "@types/remarkable": "^2.0.3"
      }
    },
    "node_modules/@types/faker": {
      "version": "6.6.9",
      "resolved": "https://registry.npmjs.org/@types/faker/-/faker-6.6.9.tgz",
      "integrity": "sha512-Y9YYm5L//8ooiiknO++4Gr539zzdI0j3aXnOBjo1Vk+kTvffY10GuE2wn78AFPECwZ5MYGTjiDVw1naLLdDimw==",
      "deprecated": "This is a stub types definition. faker provides its own type definitions, so you do not need this installed.",
      "dev": true,
      "dependencies": {
        "faker": "*"
      }
    },
    "node_modules/@types/highlight.js": {
      "version": "9.12.4",
      "resolved": "https://registry.npmjs.org/@types/highlight.js/-/highlight.js-9.12.4.tgz",
      "integrity": "sha512-t2szdkwmg2JJyuCM20e8kR2X59WCE5Zkl4bzm1u1Oukjm79zpbiAv+QjnwLnuuV0WHEcX2NgUItu0pAMKuOPww==",
      "dev": true
    },
    "node_modules/@types/node": {
      "version": "20.6.0",
      "resolved": "https://registry.npmjs.org/@types/node/-/node-20.6.0.tgz",
      "integrity": "sha512-najjVq5KN2vsH2U/xyh2opaSEz6cZMR2SetLIlxlj08nOcmPOemJmUK2o4kUzfLqfrWE0PIrNeE16XhYDd3nqg==",
      "dev": true
    },
    "node_modules/@types/remarkable": {
      "version": "2.0.3",
      "resolved": "https://registry.npmjs.org/@types/remarkable/-/remarkable-2.0.3.tgz",
      "integrity": "sha512-QQUBeYApuHCNl9Br6ZoI3PlKmwZ69JHrlJktJXnjxobia9liZgsI70fm8PnCqVFAcefYK+9PGzR5L/hzCslNYQ==",
      "dev": true,
      "dependencies": {
        "@types/highlight.js": "^9.7.0",
        "highlight.js": "^9.7.0"
      }
    },
    "node_modules/faker": {
      "version": "6.6.6",
      "resolved": "https://registry.npmjs.org/faker/-/faker-6.6.6.tgz",
      "integrity": "sha512-9tCqYEDHI5RYFQigXFwF1hnCwcWCOJl/hmll0lr5D2Ljjb0o4wphb69wikeJDz5qCEzXCoPvG6ss5SDP6IfOdg=="
    },
    "node_modules/highlight.js": {
      "version": "9.18.5",
      "resolved": "https://registry.npmjs.org/highlight.js/-/highlight.js-9.18.5.tgz",
      "integrity": "sha512-a5bFyofd/BHCX52/8i8uJkjr9DYwXIPnM/plwI6W7ezItLGqzt7X2G2nXuYSfsIJdkwwj/g9DG1LkcGJI/dDoA==",
      "deprecated": "Support has ended for 9.x series. Upgrade to @latest",
      "dev": true,
      "hasInstallScript": true,
      "engines": {
        "node": "*"
      }
    }
  }
}
